
Microsoft Visual Studio Solution File, Format Version 12.00
# Visual Studio Version 17
VisualStudioVersion = 17.4.33205.214
MinimumVisualStudioVersion = 10.0.40219.1
Project("{9A19103F-16F7-4668-BE54-9A1E7A4F7556}") = "MagicVilla_VillaAPI", "MagicVilla_VillaAPI\MagicVilla_VillaAPI.csproj", "{ADBA1920-7F01-459B-88E4-B8CD26369EEE}"
EndProject
Project("{FAE04EC0-301F-11D3-BF4B-00C04F79EFBC}") = "MagicVilla_Web", "MagicVilla_Web\MagicVilla_Web.csproj", "{143BB952-16F5-443F-834E-E550D17BE3A2}"
EndProject
Project("{FAE04EC0-301F-11D3-BF4B-00C04F79EFBC}") = "MagicVilla_Utility", "MagicVilla_Utility\MagicVilla_Utility.csproj", "{B48F1945-A074-4DCE-A3D6-92EE32E8754C}"
EndProject
Global
	GlobalSection(SolutionConfigurationPlatforms) = preSolution
		Debug|Any CPU = Debug|Any CPU
		Release|Any CPU = Release|Any CPU
	EndGlobalSection
	GlobalSection(ProjectConfigurationPlatforms) = postSolution
		{ADBA1920-7F01-459B-88E4-B8CD26369EEE}.Debug|Any CPU.ActiveCfg = Debug|Any CPU
		{ADBA1920-7F01-459B-88E4-B8CD26369EEE}.Debug|Any CPU.Build.0 = Debug|Any CPU
		{ADBA1920-7F01-459B-88E4-B8CD26369EEE}.Release|Any CPU.ActiveCfg = Release|Any CPU
		{ADBA1920-7F01-459B-88E4-B8CD26369EEE}.Release|Any CPU.Build.0 = Release|Any CPU
		{143BB952-16F5-443F-834E-E550D17BE3A2}.Debug|Any CPU.ActiveCfg = Debug|Any CPU
		{143BB952-16F5-443F-834E-E550D17BE3A2}.Debug|Any CPU.Build.0 = Debug|Any CPU
		{143BB952-16F5-443F-834E-E550D17BE3A2}.Release|Any CPU.ActiveCfg = Release|Any CPU
		{143BB952-16F5-443F-834E-E550D17BE3A2}.Release|Any CPU.Build.0 = Release|Any CPU
		{B48F1945-A074-4DCE-A3D6-92EE32E8754C}.Debug|Any CPU.ActiveCfg = Debug|Any CPU
		{B48F1945-A074-4DCE-A3D6-92EE32E8754C}.Debug|Any CPU.Build.0 = Debug|Any CPU
		{B48F1945-A074-4DCE-A3D6-92EE32E8754C}.Release|Any CPU.ActiveCfg = Release|Any CPU
		{B48F1945-A074-4DCE-A3D6-92EE32E8754C}.Release|Any CPU.Build.0 = Release|Any CPU
	EndGlobalSection
	GlobalSection(SolutionProperties) = preSolution
		HideSolutionNode = FALSE
	EndGlobalSection
	GlobalSection(ExtensibilityGlobals) = postSolution
		SolutionGuid = {D9EAF158-7B13-4887-B3F8-B1C270179843}
	EndGlobalSection
EndGlobal
